lockfileVersion: '9.0'

settings:
  autoInstallPeers: true
  excludeLinksFromLockfile: false

importers:

  .:
    devDependencies:
      jose:
        specifier: ^5.3.0
        version: 5.3.0

packages:

  jose@5.3.0:
    resolution: {integrity: sha512-IChe9AtAE79ru084ow8jzkN2lNrG3Ntfiv65Cvj9uOCE2m5LNsdHG+9EbxWxAoWRF9TgDOqLN5jm08++owDVRg==}

snapshots:

  jose@5.3.0: {}
